<?xml version="1.0" encoding="UTF-8"?>
<!DOCTYPE plist PUBLIC "-//Apple//DTD PLIST 1.0//EN" "http://www.apple.com/DTDs/PropertyList-1.0.dtd">
<plist version="1.0">
<dict>
	<key>archiveVersion</key>
	<string>1</string>
	<key>classes</key>
	<dict/>
	<key>objectVersion</key>
	<string>46</string>
	<key>objects</key>
	<dict>
		<key>03FB420342BB79A722E7F15F</key>
		<dict>
			<key>fileRef</key>
			<string>F1D2E80AB879BA562C69B0B0</string>
			<key>isa</key>
			<string>PBXBuildFile</string>
		</dict>
		<key>0639120A3884927CB520A12B</key>
		<dict>
			<key>buildActionMask</key>
			<string>2147483647</string>
			<key>files</key>
			<array/>
			<key>inputPaths</key>
			<array/>
			<key>isa</key>
			<string>PBXShellScriptBuildPhase</string>
			<key>name</key>
			<string>Copy Pods Resources</string>
			<key>outputPaths</key>
			<array/>
			<key>runOnlyForDeploymentPostprocessing</key>
			<string>0</string>
			<key>shellPath</key>
			<string>/bin/sh</string>
			<key>shellScript</key>
			<string>"${SRCROOT}/Pods/Target Support Files/Pods/Pods-resources.sh"
</string>
			<key>showEnvVarsInLog</key>
			<string>0</string>
		</dict>
		<key>1223988E1D2F780500E030E4</key>
		<dict>
			<key>fileEncoding</key>
			<string>4</string>
			<key>isa</key>
			<string>PBXFileReference</string>
			<key>lastKnownFileType</key>
			<string>sourcecode.c.h</string>
			<key>path</key>
			<string>AAKitDemo-Prefix.h</string>
			<key>sourceTree</key>
			<string>SOURCE_ROOT</string>
		</dict>
		<key>127E33FB1D2F2DE5000EB373</key>
		<dict>
			<key>children</key>
			<array>
				<string>127E34131D2F2DE5000EB373</string>
			</array>
			<key>isa</key>
			<string>PBXGroup</string>
			<key>path</key>
			<string>AAComponentKit</string>
			<key>sourceTree</key>
			<string>&lt;group&gt;</string>
		</dict>
		<key>127E34131D2F2DE5000EB373</key>
		<dict>
			<key>children</key>
			<array>
				<string>127E34141D2F2DE5000EB373</string>
				<string>127E34151D2F2DE5000EB373</string>
				<string>127E34161D2F2DE5000EB373</string>
				<string>127E34171D2F2DE5000EB373</string>
				<string>127E34181D2F2DE5000EB373</string>
				<string>127E34191D2F2DE5000EB373</string>
				<string>127E341A1D2F2DE5000EB373</string>
				<string>127E341B1D2F2DE5000EB373</string>
				<string>127E341C1D2F2DE5000EB373</string>
				<string>127E341D1D2F2DE5000EB373</string>
				<string>127E341E1D2F2DE5000EB373</string>
				<string>127E341F1D2F2DE5000EB373</string>
				<string>127E34201D2F2DE5000EB373</string>
				<string>127E34211D2F2DE5000EB373</string>
				<string>127E34221D2F2DE5000EB373</string>
				<string>127E34231D2F2DE5000EB373</string>
			</array>
			<key>isa</key>
			<string>PBXGroup</string>
			<key>path</key>
			<string>Classes</string>
			<key>sourceTree</key>
			<string>&lt;group&gt;</string>
		</dict>
		<key>127E34141D2F2DE5000EB373</key>
		<dict>
			<key>fileEncoding</key>
			<string>4</string>
			<key>isa</key>
			<string>PBXFileReference</string>
			<key>lastKnownFileType</key>
			<string>sourcecode.c.h</string>
			<key>path</key>
			<string>AAComponent.h</string>
			<key>sourceTree</key>
			<string>&lt;group&gt;</string>
		</dict>
		<key>127E34151D2F2DE5000EB373</key>
		<dict>
			<key>fileEncoding</key>
			<string>4</string>
			<key>isa</key>
			<string>PBXFileReference</string>
			<key>lastKnownFileType</key>
			<string>sourcecode.cpp.objcpp</string>
			<key>path</key>
			<string>AAComponent.mm</string>
			<key>sourceTree</key>
			<string>&lt;group&gt;</string>
		</dict>
		<key>127E34161D2F2DE5000EB373</key>
		<dict>
			<key>fileEncoding</key>
			<string>4</string>
			<key>isa</key>
			<string>PBXFileReference</string>
			<key>lastKnownFileType</key>
			<string>sourcecode.c.h</string>
			<key>path</key>
			<string>AAComponentExt.h</string>
			<key>sourceTree</key>
			<string>&lt;group&gt;</string>
		</dict>
		<key>127E34171D2F2DE5000EB373</key>
		<dict>
			<key>fileEncoding</key>
			<string>4</string>
			<key>isa</key>
			<string>PBXFileReference</string>
			<key>lastKnownFileType</key>
			<string>sourcecode.cpp.objcpp</string>
			<key>path</key>
			<string>AAComponentExt.mm</string>
			<key>sourceTree</key>
			<string>&lt;group&gt;</string>
		</dict>
		<key>127E34181D2F2DE5000EB373</key>
		<dict>
			<key>fileEncoding</key>
			<string>4</string>
			<key>isa</key>
			<string>PBXFileReference</string>
			<key>lastKnownFileType</key>
			<string>sourcecode.c.h</string>
			<key>path</key>
			<string>AALabelComponent.h</string>
			<key>sourceTree</key>
			<string>&lt;group&gt;</string>
		</dict>
		<key>127E34191D2F2DE5000EB373</key>
		<dict>
			<key>fileEncoding</key>
			<string>4</string>
			<key>isa</key>
			<string>PBXFileReference</string>
			<key>lastKnownFileType</key>
			<string>sourcecode.cpp.objcpp</string>
			<key>path</key>
			<string>AALabelComponent.mm</string>
			<key>sourceTree</key>
			<string>&lt;group&gt;</string>
		</dict>
		<key>127E341A1D2F2DE5000EB373</key>
		<dict>
			<key>fileEncoding</key>
			<string>4</string>
			<key>isa</key>
			<string>PBXFileReference</string>
			<key>lastKnownFileType</key>
			<string>sourcecode.c.h</string>
			<key>path</key>
			<string>CKCollectionVC.h</string>
			<key>sourceTree</key>
			<string>&lt;group&gt;</string>
		</dict>
		<key>127E341B1D2F2DE5000EB373</key>
		<dict>
			<key>fileEncoding</key>
			<string>4</string>
			<key>isa</key>
			<string>PBXFileReference</string>
			<key>lastKnownFileType</key>
			<string>sourcecode.cpp.objcpp</string>
			<key>path</key>
			<string>CKCollectionVC.mm</string>
			<key>sourceTree</key>
			<string>&lt;group&gt;</string>
		</dict>
		<key>127E341C1D2F2DE5000EB373</key>
		<dict>
			<key>fileEncoding</key>
			<string>4</string>
			<key>isa</key>
			<string>PBXFileReference</string>
			<key>lastKnownFileType</key>
			<string>sourcecode.c.h</string>
			<key>path</key>
			<string>CKCollectionViewUpdater.h</string>
			<key>sourceTree</key>
			<string>&lt;group&gt;</string>
		</dict>
		<key>127E341D1D2F2DE5000EB373</key>
		<dict>
			<key>fileEncoding</key>
			<string>4</string>
			<key>isa</key>
			<string>PBXFileReference</string>
			<key>lastKnownFileType</key>
			<string>sourcecode.cpp.objcpp</string>
			<key>path</key>
			<string>CKCollectionViewUpdater.mm</string>
			<key>sourceTree</key>
			<string>&lt;group&gt;</string>
		</dict>
		<key>127E341E1D2F2DE5000EB373</key>
		<dict>
			<key>fileEncoding</key>
			<string>4</string>
			<key>isa</key>
			<string>PBXFileReference</string>
			<key>lastKnownFileType</key>
			<string>sourcecode.c.h</string>
			<key>path</key>
			<string>CKComponent+HostingView.h</string>
			<key>sourceTree</key>
			<string>&lt;group&gt;</string>
		</dict>
		<key>127E341F1D2F2DE5000EB373</key>
		<dict>
			<key>fileEncoding</key>
			<string>4</string>
			<key>isa</key>
			<string>PBXFileReference</string>
			<key>lastKnownFileType</key>
			<string>sourcecode.cpp.objcpp</string>
			<key>path</key>
			<string>CKComponent+HostingView.mm</string>
			<key>sourceTree</key>
			<string>&lt;group&gt;</string>
		</dict>
		<key>127E34201D2F2DE5000EB373</key>
		<dict>
			<key>fileEncoding</key>
			<string>4</string>
			<key>isa</key>
			<string>PBXFileReference</string>
			<key>lastKnownFileType</key>
			<string>sourcecode.c.h</string>
			<key>path</key>
			<string>CKTableVC.h</string>
			<key>sourceTree</key>
			<string>&lt;group&gt;</string>
		</dict>
		<key>127E34211D2F2DE5000EB373</key>
		<dict>
			<key>fileEncoding</key>
			<string>4</string>
			<key>isa</key>
			<string>PBXFileReference</string>
			<key>lastKnownFileType</key>
			<string>sourcecode.cpp.objcpp</string>
			<key>path</key>
			<string>CKTableVC.mm</string>
			<key>sourceTree</key>
			<string>&lt;group&gt;</string>
		</dict>
		<key>127E34221D2F2DE5000EB373</key>
		<dict>
			<key>fileEncoding</key>
			<string>4</string>
			<key>isa</key>
			<string>PBXFileReference</string>
			<key>lastKnownFileType</key>
			<string>sourcecode.c.h</string>
			<key>path</key>
			<string>CKTableViewUpdater.h</string>
			<key>sourceTree</key>
			<string>&lt;group&gt;</string>
		</dict>
		<key>127E34231D2F2DE5000EB373</key>
		<dict>
			<key>fileEncoding</key>
			<string>4</string>
			<key>isa</key>
			<string>PBXFileReference</string>
			<key>lastKnownFileType</key>
			<string>sourcecode.cpp.objcpp</string>
			<key>path</key>
			<string>CKTableViewUpdater.mm</string>
			<key>sourceTree</key>
			<string>&lt;group&gt;</string>
		</dict>
		<key>127E34271D2F2DE5000EB373</key>
		<dict>
			<key>children</key>
			<array>
				<string>127E343C1D2F2DE5000EB373</string>
			</array>
			<key>isa</key>
			<string>PBXGroup</string>
			<key>path</key>
			<string>AAKitSwift</string>
			<key>sourceTree</key>
			<string>&lt;group&gt;</string>
		</dict>
		<key>127E343C1D2F2DE5000EB373</key>
		<dict>
			<key>children</key>
			<array>
				<string>127E343D1D2F2DE5000EB373</string>
				<string>127E343E1D2F2DE5000EB373</string>
				<string>127E343F1D2F2DE5000EB373</string>
				<string>127E34401D2F2DE5000EB373</string>
				<string>127E34411D2F2DE5000EB373</string>
				<string>127E34421D2F2DE5000EB373</string>
			</array>
			<key>isa</key>
			<string>PBXGroup</string>
			<key>path</key>
			<string>Classes</string>
			<key>sourceTree</key>
			<string>&lt;group&gt;</string>
		</dict>
		<key>127E343D1D2F2DE5000EB373</key>
		<dict>
			<key>fileEncoding</key>
			<string>4</string>
			<key>isa</key>
			<string>PBXFileReference</string>
			<key>lastKnownFileType</key>
			<string>sourcecode.swift</string>
			<key>path</key>
			<string>Color_AAKit.swift</string>
			<key>sourceTree</key>
			<string>&lt;group&gt;</string>
		</dict>
		<key>127E343E1D2F2DE5000EB373</key>
		<dict>
			<key>fileEncoding</key>
			<string>4</string>
			<key>isa</key>
			<string>PBXFileReference</string>
			<key>lastKnownFileType</key>
			<string>sourcecode.swift</string>
			<key>path</key>
			<string>NSArray_AAKit.swift</string>
			<key>sourceTree</key>
			<string>&lt;group&gt;</string>
		</dict>
		<key>127E343F1D2F2DE5000EB373</key>
		<dict>
			<key>fileEncoding</key>
			<string>4</string>
			<key>isa</key>
			<string>PBXFileReference</string>
			<key>lastKnownFileType</key>
			<string>sourcecode.swift</string>
			<key>path</key>
			<string>NSMutableAttributedString_AAKit.swift</string>
			<key>sourceTree</key>
			<string>&lt;group&gt;</string>
		</dict>
		<key>127E34401D2F2DE5000EB373</key>
		<dict>
			<key>fileEncoding</key>
			<string>4</string>
			<key>isa</key>
			<string>PBXFileReference</string>
			<key>lastKnownFileType</key>
			<string>sourcecode.swift</string>
			<key>path</key>
			<string>UIView_AAKit.swift</string>
			<key>sourceTree</key>
			<string>&lt;group&gt;</string>
		</dict>
		<key>127E34411D2F2DE5000EB373</key>
		<dict>
			<key>fileEncoding</key>
			<string>4</string>
			<key>isa</key>
			<string>PBXFileReference</string>
			<key>lastKnownFileType</key>
			<string>sourcecode.swift</string>
			<key>path</key>
			<string>UIView_Block.swift</string>
			<key>sourceTree</key>
			<string>&lt;group&gt;</string>
		</dict>
		<key>127E34421D2F2DE5000EB373</key>
		<dict>
			<key>fileEncoding</key>
			<string>4</string>
			<key>isa</key>
			<string>PBXFileReference</string>
			<key>lastKnownFileType</key>
			<string>sourcecode.swift</string>
			<key>path</key>
			<string>UIView_Builder.swift</string>
			<key>sourceTree</key>
			<string>&lt;group&gt;</string>
		</dict>
		<key>127E34451D2F2DE5000EB373</key>
		<dict>
			<key>children</key>
			<array>
				<string>127E345D1D2F2DE5000EB373</string>
			</array>
			<key>isa</key>
			<string>PBXGroup</string>
			<key>path</key>
			<string>AAModelKit</string>
			<key>sourceTree</key>
			<string>&lt;group&gt;</string>
		</dict>
		<key>127E345D1D2F2DE5000EB373</key>
		<dict>
			<key>children</key>
			<array>
				<string>127E345E1D2F2DE5000EB373</string>
				<string>127E346D1D2F2DE5000EB373</string>
			</array>
			<key>isa</key>
			<string>PBXGroup</string>
			<key>path</key>
			<string>Classes</string>
			<key>sourceTree</key>
			<string>&lt;group&gt;</string>
		</dict>
		<key>127E345E1D2F2DE5000EB373</key>
		<dict>
			<key>children</key>
			<array>
				<string>127E345F1D2F2DE5000EB373</string>
				<string>127E34601D2F2DE5000EB373</string>
				<string>127E34611D2F2DE5000EB373</string>
				<string>127E34621D2F2DE5000EB373</string>
				<string>127E34631D2F2DE5000EB373</string>
				<string>127E34641D2F2DE5000EB373</string>
				<string>127E34651D2F2DE5000EB373</string>
				<string>127E34661D2F2DE5000EB373</string>
				<string>127E34671D2F2DE5000EB373</string>
				<string>127E34681D2F2DE5000EB373</string>
				<string>127E34691D2F2DE5000EB373</string>
				<string>127E346A1D2F2DE5000EB373</string>
				<string>127E346B1D2F2DE5000EB373</string>
				<string>127E346C1D2F2DE5000EB373</string>
			</array>
			<key>isa</key>
			<string>PBXGroup</string>
			<key>path</key>
			<string>Core</string>
			<key>sourceTree</key>
			<string>&lt;group&gt;</string>
		</dict>
		<key>127E345F1D2F2DE5000EB373</key>
		<dict>
			<key>fileEncoding</key>
			<string>4</string>
			<key>isa</key>
			<string>PBXFileReference</string>
			<key>lastKnownFileType</key>
			<string>sourcecode.c.h</string>
			<key>path</key>
			<string>AACollectionVC.h</string>
			<key>sourceTree</key>
			<string>&lt;group&gt;</string>
		</dict>
		<key>127E34601D2F2DE5000EB373</key>
		<dict>
			<key>fileEncoding</key>
			<string>4</string>
			<key>isa</key>
			<string>PBXFileReference</string>
			<key>lastKnownFileType</key>
			<string>sourcecode.c.objc</string>
			<key>path</key>
			<string>AACollectionVC.m</string>
			<key>sourceTree</key>
			<string>&lt;group&gt;</string>
		</dict>
		<key>127E34611D2F2DE5000EB373</key>
		<dict>
			<key>fileEncoding</key>
			<string>4</string>
			<key>isa</key>
			<string>PBXFileReference</string>
			<key>lastKnownFileType</key>
			<string>sourcecode.c.h</string>
			<key>path</key>
			<string>AAModelKit.h</string>
			<key>sourceTree</key>
			<string>&lt;group&gt;</string>
		</dict>
		<key>127E34621D2F2DE5000EB373</key>
		<dict>
			<key>fileEncoding</key>
			<string>4</string>
			<key>isa</key>
			<string>PBXFileReference</string>
			<key>lastKnownFileType</key>
			<string>sourcecode.c.objc</string>
			<key>path</key>
			<string>AAModelKit.m</string>
			<key>sourceTree</key>
			<string>&lt;group&gt;</string>
		</dict>
		<key>127E34631D2F2DE5000EB373</key>
		<dict>
			<key>fileEncoding</key>
			<string>4</string>
			<key>isa</key>
			<string>PBXFileReference</string>
			<key>lastKnownFileType</key>
			<string>sourcecode.c.h</string>
			<key>path</key>
			<string>AAModelRefresher.h</string>
			<key>sourceTree</key>
			<string>&lt;group&gt;</string>
		</dict>
		<key>127E34641D2F2DE5000EB373</key>
		<dict>
			<key>fileEncoding</key>
			<string>4</string>
			<key>isa</key>
			<string>PBXFileReference</string>
			<key>lastKnownFileType</key>
			<string>sourcecode.c.objc</string>
			<key>path</key>
			<string>AAModelRefresher.m</string>
			<key>sourceTree</key>
			<string>&lt;group&gt;</string>
		</dict>
		<key>127E34651D2F2DE5000EB373</key>
		<dict>
			<key>fileEncoding</key>
			<string>4</string>
			<key>isa</key>
			<string>PBXFileReference</string>
			<key>lastKnownFileType</key>
			<string>sourcecode.c.h</string>
			<key>path</key>
			<string>AAModelViewUpdater.h</string>
			<key>sourceTree</key>
			<string>&lt;group&gt;</string>
		</dict>
		<key>127E34661D2F2DE5000EB373</key>
		<dict>
			<key>fileEncoding</key>
			<string>4</string>
			<key>isa</key>
			<string>PBXFileReference</string>
			<key>lastKnownFileType</key>
			<string>sourcecode.c.h</string>
			<key>path</key>
			<string>AARefreshController.h</string>
			<key>sourceTree</key>
			<string>&lt;group&gt;</string>
		</dict>
		<key>127E34671D2F2DE5000EB373</key>
		<dict>
			<key>fileEncoding</key>
			<string>4</string>
			<key>isa</key>
			<string>PBXFileReference</string>
			<key>lastKnownFileType</key>
			<string>sourcecode.c.objc</string>
			<key>path</key>
			<string>AARefreshController.m</string>
			<key>sourceTree</key>
			<string>&lt;group&gt;</string>
		</dict>
		<key>127E34681D2F2DE5000EB373</key>
		<dict>
			<key>fileEncoding</key>
			<string>4</string>
			<key>isa</key>
			<string>PBXFileReference</string>
			<key>lastKnownFileType</key>
			<string>sourcecode.c.h</string>
			<key>path</key>
			<string>AARefreshController_SubClass.h</string>
			<key>sourceTree</key>
			<string>&lt;group&gt;</string>
		</dict>
		<key>127E34691D2F2DE5000EB373</key>
		<dict>
			<key>fileEncoding</key>
			<string>4</string>
			<key>isa</key>
			<string>PBXFileReference</string>
			<key>lastKnownFileType</key>
			<string>sourcecode.c.h</string>
			<key>path</key>
			<string>AATableVC.h</string>
			<key>sourceTree</key>
			<string>&lt;group&gt;</string>
		</dict>
		<key>127E346A1D2F2DE5000EB373</key>
		<dict>
			<key>fileEncoding</key>
			<string>4</string>
			<key>isa</key>
			<string>PBXFileReference</string>
			<key>lastKnownFileType</key>
			<string>sourcecode.c.objc</string>
			<key>path</key>
			<string>AATableVC.m</string>
			<key>sourceTree</key>
			<string>&lt;group&gt;</string>
		</dict>
		<key>127E346B1D2F2DE5000EB373</key>
		<dict>
			<key>fileEncoding</key>
			<string>4</string>
			<key>isa</key>
			<string>PBXFileReference</string>
			<key>lastKnownFileType</key>
			<string>sourcecode.c.h</string>
			<key>path</key>
			<string>APIKit.h</string>
			<key>sourceTree</key>
			<string>&lt;group&gt;</string>
		</dict>
		<key>127E346C1D2F2DE5000EB373</key>
		<dict>
			<key>fileEncoding</key>
			<string>4</string>
			<key>isa</key>
			<string>PBXFileReference</string>
			<key>lastKnownFileType</key>
			<string>sourcecode.c.objc</string>
			<key>path</key>
			<string>APIKit.m</string>
			<key>sourceTree</key>
			<string>&lt;group&gt;</string>
		</dict>
		<key>127E346D1D2F2DE5000EB373</key>
		<dict>
			<key>children</key>
			<array>
				<string>127E346E1D2F2DE5000EB373</string>
				<string>127E346F1D2F2DE5000EB373</string>
				<string>127E34701D2F2DE5000EB373</string>
				<string>127E34711D2F2DE5000EB373</string>
				<string>127E34721D2F2DE5000EB373</string>
				<string>127E34731D2F2DE5000EB373</string>
				<string>127E34741D2F2DE5000EB373</string>
			</array>
			<key>isa</key>
			<string>PBXGroup</string>
			<key>path</key>
			<string>NimbusExt</string>
			<key>sourceTree</key>
			<string>&lt;group&gt;</string>
		</dict>
		<key>127E346E1D2F2DE5000EB373</key>
		<dict>
			<key>fileEncoding</key>
			<string>4</string>
			<key>isa</key>
			<string>PBXFileReference</string>
			<key>lastKnownFileType</key>
			<string>sourcecode.c.h</string>
			<key>path</key>
			<string>AAModelKit-Bridging-Header.h</string>
			<key>sourceTree</key>
			<string>&lt;group&gt;</string>
		</dict>
		<key>127E346F1D2F2DE5000EB373</key>
		<dict>
			<key>fileEncoding</key>
			<string>4</string>
			<key>isa</key>
			<string>PBXFileReference</string>
			<key>lastKnownFileType</key>
			<string>sourcecode.c.h</string>
			<key>path</key>
			<string>AATableObjectCatalog.h</string>
			<key>sourceTree</key>
			<string>&lt;group&gt;</string>
		</dict>
		<key>127E34701D2F2DE5000EB373</key>
		<dict>
			<key>fileEncoding</key>
			<string>4</string>
			<key>isa</key>
			<string>PBXFileReference</string>
			<key>lastKnownFileType</key>
			<string>sourcecode.c.objc</string>
			<key>path</key>
			<string>AATableObjectCatalog.m</string>
			<key>sourceTree</key>
			<string>&lt;group&gt;</string>
		</dict>
		<key>127E34711D2F2DE5000EB373</key>
		<dict>
			<key>fileEncoding</key>
			<string>4</string>
			<key>isa</key>
			<string>PBXFileReference</string>
			<key>lastKnownFileType</key>
			<string>sourcecode.c.h</string>
			<key>path</key>
			<string>NIModelUpdater.h</string>
			<key>sourceTree</key>
			<string>&lt;group&gt;</string>
		</dict>
		<key>127E34721D2F2DE5000EB373</key>
		<dict>
			<key>fileEncoding</key>
			<string>4</string>
			<key>isa</key>
			<string>PBXFileReference</string>
			<key>lastKnownFileType</key>
			<string>sourcecode.c.objc</string>
			<key>path</key>
			<string>NIModelUpdater.m</string>
			<key>sourceTree</key>
			<string>&lt;group&gt;</string>
		</dict>
		<key>127E34731D2F2DE5000EB373</key>
		<dict>
			<key>fileEncoding</key>
			<string>4</string>
			<key>isa</key>
			<string>PBXFileReference</string>
			<key>lastKnownFileType</key>
			<string>sourcecode.c.h</string>
			<key>path</key>
			<string>NITableVC.h</string>
			<key>sourceTree</key>
			<string>&lt;group&gt;</string>
		</dict>
		<key>127E34741D2F2DE5000EB373</key>
		<dict>
			<key>fileEncoding</key>
			<string>4</string>
			<key>isa</key>
			<string>PBXFileReference</string>
			<key>lastKnownFileType</key>
			<string>sourcecode.c.objc</string>
			<key>path</key>
			<string>NITableVC.m</string>
			<key>sourceTree</key>
			<string>&lt;group&gt;</string>
		</dict>
		<key>127E34851D2F2DE5000EB373</key>
		<dict>
			<key>fileRef</key>
			<string>127E34151D2F2DE5000EB373</string>
			<key>isa</key>
			<string>PBXBuildFile</string>
		</dict>
		<key>127E34861D2F2DE5000EB373</key>
		<dict>
			<key>fileRef</key>
			<string>127E34171D2F2DE5000EB373</string>
			<key>isa</key>
			<string>PBXBuildFile</string>
		</dict>
		<key>127E34871D2F2DE5000EB373</key>
		<dict>
			<key>fileRef</key>
			<string>127E34191D2F2DE5000EB373</string>
			<key>isa</key>
			<string>PBXBuildFile</string>
		</dict>
		<key>127E34881D2F2DE5000EB373</key>
		<dict>
			<key>fileRef</key>
			<string>127E341B1D2F2DE5000EB373</string>
			<key>isa</key>
			<string>PBXBuildFile</string>
		</dict>
		<key>127E34891D2F2DE5000EB373</key>
		<dict>
			<key>fileRef</key>
			<string>127E341D1D2F2DE5000EB373</string>
			<key>isa</key>
			<string>PBXBuildFile</string>
		</dict>
		<key>127E348A1D2F2DE5000EB373</key>
		<dict>
			<key>fileRef</key>
			<string>127E341F1D2F2DE5000EB373</string>
			<key>isa</key>
			<string>PBXBuildFile</string>
		</dict>
		<key>127E348B1D2F2DE5000EB373</key>
		<dict>
			<key>fileRef</key>
			<string>127E34211D2F2DE5000EB373</string>
			<key>isa</key>
			<string>PBXBuildFile</string>
		</dict>
		<key>127E348C1D2F2DE5000EB373</key>
		<dict>
			<key>fileRef</key>
			<string>127E34231D2F2DE5000EB373</string>
			<key>isa</key>
			<string>PBXBuildFile</string>
		</dict>
		<key>127E349C1D2F2DE5000EB373</key>
		<dict>
			<key>fileRef</key>
			<string>127E343D1D2F2DE5000EB373</string>
			<key>isa</key>
			<string>PBXBuildFile</string>
		</dict>
		<key>127E349D1D2F2DE5000EB373</key>
		<dict>
			<key>fileRef</key>
			<string>127E343E1D2F2DE5000EB373</string>
			<key>isa</key>
			<string>PBXBuildFile</string>
		</dict>
		<key>127E349E1D2F2DE5000EB373</key>
		<dict>
			<key>fileRef</key>
			<string>127E343F1D2F2DE5000EB373</string>
			<key>isa</key>
			<string>PBXBuildFile</string>
		</dict>
		<key>127E349F1D2F2DE5000EB373</key>
		<dict>
			<key>fileRef</key>
			<string>127E34401D2F2DE5000EB373</string>
			<key>isa</key>
			<string>PBXBuildFile</string>
		</dict>
		<key>127E34A01D2F2DE5000EB373</key>
		<dict>
			<key>fileRef</key>
			<string>127E34411D2F2DE5000EB373</string>
			<key>isa</key>
			<string>PBXBuildFile</string>
		</dict>
		<key>127E34A11D2F2DE5000EB373</key>
		<dict>
			<key>fileRef</key>
			<string>127E34421D2F2DE5000EB373</string>
			<key>isa</key>
			<string>PBXBuildFile</string>
		</dict>
		<key>127E34B11D2F2DE5000EB373</key>
		<dict>
			<key>fileRef</key>
			<string>127E34601D2F2DE5000EB373</string>
			<key>isa</key>
			<string>PBXBuildFile</string>
		</dict>
		<key>127E34B21D2F2DE5000EB373</key>
		<dict>
			<key>fileRef</key>
			<string>127E34621D2F2DE5000EB373</string>
			<key>isa</key>
			<string>PBXBuildFile</string>
		</dict>
		<key>127E34B31D2F2DE5000EB373</key>
		<dict>
			<key>fileRef</key>
			<string>127E34641D2F2DE5000EB373</string>
			<key>isa</key>
			<string>PBXBuildFile</string>
		</dict>
		<key>127E34B41D2F2DE5000EB373</key>
		<dict>
			<key>fileRef</key>
			<string>127E34671D2F2DE5000EB373</string>
			<key>isa</key>
			<string>PBXBuildFile</string>
		</dict>
		<key>127E34B51D2F2DE5000EB373</key>
		<dict>
			<key>fileRef</key>
			<string>127E346A1D2F2DE5000EB373</string>
			<key>isa</key>
			<string>PBXBuildFile</string>
		</dict>
		<key>127E34B61D2F2DE5000EB373</key>
		<dict>
			<key>fileRef</key>
			<string>127E346C1D2F2DE5000EB373</string>
			<key>isa</key>
			<string>PBXBuildFile</string>
		</dict>
		<key>127E34B71D2F2DE5000EB373</key>
		<dict>
			<key>fileRef</key>
			<string>127E34701D2F2DE5000EB373</string>
			<key>isa</key>
			<string>PBXBuildFile</string>
		</dict>
		<key>127E34B81D2F2DE5000EB373</key>
		<dict>
			<key>fileRef</key>
			<string>127E34721D2F2DE5000EB373</string>
			<key>isa</key>
			<string>PBXBuildFile</string>
		</dict>
		<key>127E34B91D2F2DE5000EB373</key>
		<dict>
			<key>fileRef</key>
			<string>127E34741D2F2DE5000EB373</string>
			<key>isa</key>
			<string>PBXBuildFile</string>
		</dict>
		<key>12C16DF01D33B36A00B6EEB0</key>
		<dict>
			<key>fileEncoding</key>
			<string>4</string>
			<key>isa</key>
			<string>PBXFileReference</string>
			<key>lastKnownFileType</key>
			<string>sourcecode.swift</string>
			<key>path</key>
			<string>RNDemoVC.swift</string>
			<key>sourceTree</key>
			<string>&lt;group&gt;</string>
		</dict>
		<key>12C16DF11D33B36A00B6EEB0</key>
		<dict>
			<key>fileRef</key>
			<string>12C16DF01D33B36A00B6EEB0</string>
			<key>isa</key>
			<string>PBXBuildFile</string>
		</dict>
		<key>12C16DF21D33B4F700B6EEB0</key>
		<dict>
			<key>isa</key>
			<string>PBXFileReference</string>
			<key>lastKnownFileType</key>
			<string>archive.ar</string>
			<key>name</key>
			<string>libReact.a</string>
			<key>path</key>
			<string>Pods/../build/Debug-iphoneos/libReact.a</string>
			<key>sourceTree</key>
			<string>&lt;group&gt;</string>
		</dict>
		<key>12C38DB91D2F256900D26266</key>
		<dict>
			<key>children</key>
			<array>
				<string>127E33FB1D2F2DE5000EB373</string>
				<string>127E34271D2F2DE5000EB373</string>
				<string>127E34451D2F2DE5000EB373</string>
				<string>12C38DC41D2F256900D26266</string>
				<string>12C38DD91D2F256A00D26266</string>
				<string>12C38DE41D2F256A00D26266</string>
				<string>12C38DC31D2F256900D26266</string>
				<string>12C38DF31D2F278E00D26266</string>
				<string>ECA3642383332ABC41ADD4A4</string>
				<string>D4FF3A403A2C268FF7A645BD</string>
			</array>
			<key>isa</key>
			<string>PBXGroup</string>
			<key>sourceTree</key>
			<string>&lt;group&gt;</string>
		</dict>
		<key>12C38DBA1D2F256900D26266</key>
		<dict>
			<key>attributes</key>
			<dict>
				<key>LastSwiftUpdateCheck</key>
				<string>0720</string>
				<key>LastUpgradeCheck</key>
				<string>0720</string>
				<key>ORGANIZATIONNAME</key>
				<string>Beacon</string>
				<key>TargetAttributes</key>
				<dict>
					<key>12C38DC11D2F256900D26266</key>
					<dict>
						<key>CreatedOnToolsVersion</key>
						<string>7.2.1</string>
						<key>DevelopmentTeam</key>
						<string>BLJZCAU36U</string>
					</dict>
					<key>12C38DD51D2F256A00D26266</key>
					<dict>
						<key>CreatedOnToolsVersion</key>
						<string>7.2.1</string>
						<key>DevelopmentTeam</key>
						<string>354WLETX42</string>
						<key>TestTargetID</key>
						<string>12C38DC11D2F256900D26266</string>
					</dict>
					<key>12C38DE01D2F256A00D26266</key>
					<dict>
						<key>CreatedOnToolsVersion</key>
						<string>7.2.1</string>
						<key>DevelopmentTeam</key>
						<string>354WLETX42</string>
						<key>TestTargetID</key>
						<string>12C38DC11D2F256900D26266</string>
					</dict>
				</dict>
			</dict>
			<key>buildConfigurationList</key>
			<string>12C38DBD1D2F256900D26266</string>
			<key>compatibilityVersion</key>
			<string>Xcode 3.2</string>
			<key>developmentRegion</key>
			<string>English</string>
			<key>hasScannedForEncodings</key>
			<string>0</string>
			<key>isa</key>
			<string>PBXProject</string>
			<key>knownRegions</key>
			<array>
				<string>en</string>
				<string>Base</string>
			</array>
			<key>mainGroup</key>
			<string>12C38DB91D2F256900D26266</string>
			<key>productRefGroup</key>
			<string>12C38DC31D2F256900D26266</string>
			<key>projectDirPath</key>
			<string></string>
			<key>projectReferences</key>
			<array/>
			<key>projectRoot</key>
			<string></string>
			<key>targets</key>
			<array>
				<string>12C38DC11D2F256900D26266</string>
				<string>12C38DD51D2F256A00D26266</string>
				<string>12C38DE01D2F256A00D26266</string>
			</array>
		</dict>
		<key>12C38DBD1D2F256900D26266</key>
		<dict>
			<key>buildConfigurations</key>
			<array>
				<string>12C38DE81D2F256A00D26266</string>
				<string>12C38DE91D2F256A00D26266</string>
			</array>
			<key>defaultConfigurationIsVisible</key>
			<string>0</string>
			<key>defaultConfigurationName</key>
			<string>Release</string>
			<key>isa</key>
			<string>XCConfigurationList</string>
		</dict>
		<key>12C38DBE1D2F256900D26266</key>
		<dict>
			<key>buildActionMask</key>
			<string>2147483647</string>
			<key>files</key>
			<array>
				<string>12C38E0F1D2F281300D26266</string>
				<string>12C38E131D2F281300D26266</string>
				<string>12F612611D316B8E0081D6E9</string>
				<string>127E34B21D2F2DE5000EB373</string>
				<string>127E34891D2F2DE5000EB373</string>
				<string>12C38E141D2F281300D26266</string>
				<string>12C16DF11D33B36A00B6EEB0</string>
				<string>127E34861D2F2DE5000EB373</string>
				<string>12F6125B1D3023F40081D6E9</string>
				<string>127E34B41D2F2DE5000EB373</string>
				<string>12C38E161D2F281300D26266</string>
				<string>12C38E101D2F281300D26266</string>
				<string>127E348B1D2F2DE5000EB373</string>
				<string>12C38E0C1D2F281300D26266</string>
				<string>127E34B61D2F2DE5000EB373</string>
				<string>127E34881D2F2DE5000EB373</string>
				<string>127E349E1D2F2DE5000EB373</string>
				<string>12C38E0E1D2F281300D26266</string>
				<string>127E348C1D2F2DE5000EB373</string>
				<string>12C38DC61D2F256900D26266</string>
				<string>127E34A11D2F2DE5000EB373</string>
				<string>127E348A1D2F2DE5000EB373</string>
				<string>127E349C1D2F2DE5000EB373</string>
				<string>127E34B71D2F2DE5000EB373</string>
				<string>127E349F1D2F2DE5000EB373</string>
				<string>12F6125D1D30D8AD0081D6E9</string>
				<string>12F6125F1D30EF370081D6E9</string>
				<string>127E349D1D2F2DE5000EB373</string>
				<string>12C38E121D2F281300D26266</string>
				<string>127E34B31D2F2DE5000EB373</string>
				<string>127E34B91D2F2DE5000EB373</string>
				<string>127E34851D2F2DE5000EB373</string>
				<string>12C38E111D2F281300D26266</string>
				<string>127E34B51D2F2DE5000EB373</string>
				<string>127E34B11D2F2DE5000EB373</string>
				<string>12C38E0D1D2F281300D26266</string>
				<string>127E34A01D2F2DE5000EB373</string>
				<string>127E34871D2F2DE5000EB373</string>
				<string>12C38E0B1D2F281300D26266</string>
				<string>127E34B81D2F2DE5000EB373</string>
				<string>12C38E151D2F281300D26266</string>
			</array>
			<key>isa</key>
			<string>PBXSourcesBuildPhase</string>
			<key>runOnlyForDeploymentPostprocessing</key>
			<string>0</string>
		</dict>
		<key>12C38DBF1D2F256900D26266</key>
		<dict>
			<key>buildActionMask</key>
			<string>2147483647</string>
			<key>files</key>
			<array>
				<string>03FB420342BB79A722E7F15F</string>
			</array>
			<key>isa</key>
			<string>PBXFrameworksBuildPhase</string>
			<key>runOnlyForDeploymentPostprocessing</key>
			<string>0</string>
		</dict>
		<key>12C38DC01D2F256900D26266</key>
		<dict>
			<key>buildActionMask</key>
			<string>2147483647</string>
			<key>files</key>
			<array>
				<string>12C38DD01D2F256900D26266</string>
				<string>12C38DCD1D2F256900D26266</string>
			</array>
			<key>isa</key>
			<string>PBXResourcesBuildPhase</string>
			<key>runOnlyForDeploymentPostprocessing</key>
			<string>0</string>
		</dict>
		<key>12C38DC11D2F256900D26266</key>
		<dict>
			<key>buildConfigurationList</key>
			<string>12C38DEA1D2F256A00D26266</string>
			<key>buildPhases</key>
			<array>
				<string>8C2821096E56C93FF214A590</string>
				<string>12C38DBE1D2F256900D26266</string>
				<string>12C38DBF1D2F256900D26266</string>
				<string>12C38DC01D2F256900D26266</string>
				<string>F4D8360463503B8C75CB711A</string>
				<string>0639120A3884927CB520A12B</string>
			</array>
			<key>buildRules</key>
			<array/>
			<key>dependencies</key>
			<array/>
			<key>isa</key>
			<string>PBXNativeTarget</string>
			<key>name</key>
			<string>AAKitDemo</string>
			<key>productName</key>
			<string>AAKitDemo</string>
			<key>productReference</key>
			<string>12C38DC21D2F256900D26266</string>
			<key>productType</key>
			<string>com.apple.product-type.application</string>
		</dict>
		<key>12C38DC21D2F256900D26266</key>
		<dict>
			<key>explicitFileType</key>
			<string>wrapper.application</string>
			<key>includeInIndex</key>
			<string>0</string>
			<key>isa</key>
			<string>PBXFileReference</string>
			<key>path</key>
			<string>AAKitDemo.app</string>
			<key>sourceTree</key>
			<string>BUILT_PRODUCTS_DIR</string>
		</dict>
		<key>12C38DC31D2F256900D26266</key>
		<dict>
			<key>children</key>
			<array>
				<string>12C38DC21D2F256900D26266</string>
				<string>12C38DD61D2F256A00D26266</string>
				<string>12C38DE11D2F256A00D26266</string>
			</array>
			<key>isa</key>
			<string>PBXGroup</string>
			<key>name</key>
			<string>Products</string>
			<key>sourceTree</key>
			<string>&lt;group&gt;</string>
		</dict>
		<key>12C38DC41D2F256900D26266</key>
		<dict>
			<key>children</key>
			<array>
				<string>1223988E1D2F780500E030E4</string>
				<string>12C38DF71D2F281300D26266</string>
				<string>12C38DF81D2F281300D26266</string>
				<string>12C38DF91D2F281300D26266</string>
				<string>12C38DFA1D2F281300D26266</string>
				<string>12C38DFB1D2F281300D26266</string>
				<string>12C38DFC1D2F281300D26266</string>
				<string>12C38DFD1D2F281300D26266</string>
				<string>12C38DFE1D2F281300D26266</string>
				<string>12C38DFF1D2F281300D26266</string>
				<string>12C38E001D2F281300D26266</string>
				<string>12C38E011D2F281300D26266</string>
				<string>12C38E021D2F281300D26266</string>
				<string>12C38E031D2F281300D26266</string>
				<string>12C38E041D2F281300D26266</string>
				<string>12C38E051D2F281300D26266</string>
				<string>12C38E061D2F281300D26266</string>
				<string>12C38E071D2F281300D26266</string>
				<string>12C38E081D2F281300D26266</string>
				<string>12C38E091D2F281300D26266</string>
				<string>12C38E0A1D2F281300D26266</string>
				<string>12C38DC51D2F256900D26266</string>
				<string>12C38DCC1D2F256900D26266</string>
				<string>12C38DCE1D2F256900D26266</string>
				<string>12C38DD11D2F256900D26266</string>
				<string>12F6125A1D3023F40081D6E9</string>
				<string>12F6125C1D30D8AD0081D6E9</string>
				<string>12F6125E1D30EF370081D6E9</string>
				<string>12F612601D316B8E0081D6E9</string>
				<string>12C16DF01D33B36A00B6EEB0</string>
			</array>
			<key>isa</key>
			<string>PBXGroup</string>
			<key>path</key>
			<string>AAKitDemo</string>
			<key>sourceTree</key>
			<string>&lt;group&gt;</string>
		</dict>
		<key>12C38DC51D2F256900D26266</key>
		<dict>
			<key>isa</key>
			<string>PBXFileReference</string>
			<key>lastKnownFileType</key>
			<string>sourcecode.swift</string>
			<key>path</key>
			<string>AppDelegate.swift</string>
			<key>sourceTree</key>
			<string>&lt;group&gt;</string>
		</dict>
		<key>12C38DC61D2F256900D26266</key>
		<dict>
			<key>fileRef</key>
			<string>12C38DC51D2F256900D26266</string>
			<key>isa</key>
			<string>PBXBuildFile</string>
		</dict>
		<key>12C38DCC1D2F256900D26266</key>
		<dict>
			<key>isa</key>
			<string>PBXFileReference</string>
			<key>lastKnownFileType</key>
			<string>folder.assetcatalog</string>
			<key>path</key>
			<string>Assets.xcassets</string>
			<key>sourceTree</key>
			<string>&lt;group&gt;</string>
		</dict>
		<key>12C38DCD1D2F256900D26266</key>
		<dict>
			<key>fileRef</key>
			<string>12C38DCC1D2F256900D26266</string>
			<key>isa</key>
			<string>PBXBuildFile</string>
		</dict>
		<key>12C38DCE1D2F256900D26266</key>
		<dict>
			<key>children</key>
			<array>
				<string>12C38DCF1D2F256900D26266</string>
			</array>
			<key>isa</key>
			<string>PBXVariantGroup</string>
			<key>name</key>
			<string>LaunchScreen.storyboard</string>
			<key>sourceTree</key>
			<string>&lt;group&gt;</string>
		</dict>
		<key>12C38DCF1D2F256900D26266</key>
		<dict>
			<key>isa</key>
			<string>PBXFileReference</string>
			<key>lastKnownFileType</key>
			<string>file.storyboard</string>
			<key>name</key>
			<string>Base</string>
			<key>path</key>
			<string>Base.lproj/LaunchScreen.storyboard</string>
			<key>sourceTree</key>
			<string>&lt;group&gt;</string>
		</dict>
		<key>12C38DD01D2F256900D26266</key>
		<dict>
			<key>fileRef</key>
			<string>12C38DCE1D2F256900D26266</string>
			<key>isa</key>
			<string>PBXBuildFile</string>
		</dict>
		<key>12C38DD11D2F256900D26266</key>
		<dict>
			<key>isa</key>
			<string>PBXFileReference</string>
			<key>lastKnownFileType</key>
			<string>text.plist.xml</string>
			<key>path</key>
			<string>Info.plist</string>
			<key>sourceTree</key>
			<string>&lt;group&gt;</string>
		</dict>
		<key>12C38DD21D2F256A00D26266</key>
		<dict>
			<key>buildActionMask</key>
			<string>2147483647</string>
			<key>files</key>
			<array>
				<string>12C38DDB1D2F256A00D26266</string>
			</array>
			<key>isa</key>
			<string>PBXSourcesBuildPhase</string>
			<key>runOnlyForDeploymentPostprocessing</key>
			<string>0</string>
		</dict>
		<key>12C38DD31D2F256A00D26266</key>
		<dict>
			<key>buildActionMask</key>
			<string>2147483647</string>
			<key>files</key>
			<array/>
			<key>isa</key>
			<string>PBXFrameworksBuildPhase</string>
			<key>runOnlyForDeploymentPostprocessing</key>
			<string>0</string>
		</dict>
		<key>12C38DD41D2F256A00D26266</key>
		<dict>
			<key>buildActionMask</key>
			<string>2147483647</string>
			<key>files</key>
			<array/>
			<key>isa</key>
			<string>PBXResourcesBuildPhase</string>
			<key>runOnlyForDeploymentPostprocessing</key>
			<string>0</string>
		</dict>
		<key>12C38DD51D2F256A00D26266</key>
		<dict>
			<key>buildConfigurationList</key>
			<string>12C38DED1D2F256A00D26266</string>
			<key>buildPhases</key>
			<array>
				<string>12C38DD21D2F256A00D26266</string>
				<string>12C38DD31D2F256A00D26266</string>
				<string>12C38DD41D2F256A00D26266</string>
			</array>
			<key>buildRules</key>
			<array/>
			<key>dependencies</key>
			<array>
				<string>12C38DD81D2F256A00D26266</string>
			</array>
			<key>isa</key>
			<string>PBXNativeTarget</string>
			<key>name</key>
			<string>AAKitDemoTests</string>
			<key>productName</key>
			<string>AAKitDemoTests</string>
			<key>productReference</key>
			<string>12C38DD61D2F256A00D26266</string>
			<key>productType</key>
			<string>com.apple.product-type.bundle.unit-test</string>
		</dict>
		<key>12C38DD61D2F256A00D26266</key>
		<dict>
			<key>explicitFileType</key>
			<string>wrapper.cfbundle</string>
			<key>includeInIndex</key>
			<string>0</string>
			<key>isa</key>
			<string>PBXFileReference</string>
			<key>path</key>
			<string>AAKitDemoTests.xctest</string>
			<key>sourceTree</key>
			<string>BUILT_PRODUCTS_DIR</string>
		</dict>
		<key>12C38DD71D2F256A00D26266</key>
		<dict>
			<key>containerPortal</key>
			<string>12C38DBA1D2F256900D26266</string>
			<key>isa</key>
			<string>PBXContainerItemProxy</string>
			<key>proxyType</key>
			<string>1</string>
			<key>remoteGlobalIDString</key>
			<string>12C38DC11D2F256900D26266</string>
			<key>remoteInfo</key>
			<string>AAKitDemo</string>
		</dict>
		<key>12C38DD81D2F256A00D26266</key>
		<dict>
			<key>isa</key>
			<string>PBXTargetDependency</string>
			<key>target</key>
			<string>12C38DC11D2F256900D26266</string>
			<key>targetProxy</key>
			<string>12C38DD71D2F256A00D26266</string>
		</dict>
		<key>12C38DD91D2F256A00D26266</key>
		<dict>
			<key>children</key>
			<array>
				<string>12C38DDA1D2F256A00D26266</string>
				<string>12C38DDC1D2F256A00D26266</string>
			</array>
			<key>isa</key>
			<string>PBXGroup</string>
			<key>path</key>
			<string>AAKitDemoTests</string>
			<key>sourceTree</key>
			<string>&lt;group&gt;</string>
		</dict>
		<key>12C38DDA1D2F256A00D26266</key>
		<dict>
			<key>isa</key>
			<string>PBXFileReference</string>
			<key>lastKnownFileType</key>
			<string>sourcecode.swift</string>
			<key>path</key>
			<string>AAKitDemoTests.swift</string>
			<key>sourceTree</key>
			<string>&lt;group&gt;</string>
		</dict>
		<key>12C38DDB1D2F256A00D26266</key>
		<dict>
			<key>fileRef</key>
			<string>12C38DDA1D2F256A00D26266</string>
			<key>isa</key>
			<string>PBXBuildFile</string>
		</dict>
		<key>12C38DDC1D2F256A00D26266</key>
		<dict>
			<key>isa</key>
			<string>PBXFileReference</string>
			<key>lastKnownFileType</key>
			<string>text.plist.xml</string>
			<key>path</key>
			<string>Info.plist</string>
			<key>sourceTree</key>
			<string>&lt;group&gt;</string>
		</dict>
		<key>12C38DDD1D2F256A00D26266</key>
		<dict>
			<key>buildActionMask</key>
			<string>2147483647</string>
			<key>files</key>
			<array>
				<string>12C38DE61D2F256A00D26266</string>
			</array>
			<key>isa</key>
			<string>PBXSourcesBuildPhase</string>
			<key>runOnlyForDeploymentPostprocessing</key>
			<string>0</string>
		</dict>
		<key>12C38DDE1D2F256A00D26266</key>
		<dict>
			<key>buildActionMask</key>
			<string>2147483647</string>
			<key>files</key>
			<array/>
			<key>isa</key>
			<string>PBXFrameworksBuildPhase</string>
			<key>runOnlyForDeploymentPostprocessing</key>
			<string>0</string>
		</dict>
		<key>12C38DDF1D2F256A00D26266</key>
		<dict>
			<key>buildActionMask</key>
			<string>2147483647</string>
			<key>files</key>
			<array/>
			<key>isa</key>
			<string>PBXResourcesBuildPhase</string>
			<key>runOnlyForDeploymentPostprocessing</key>
			<string>0</string>
		</dict>
		<key>12C38DE01D2F256A00D26266</key>
		<dict>
			<key>buildConfigurationList</key>
			<string>12C38DF01D2F256A00D26266</string>
			<key>buildPhases</key>
			<array>
				<string>12C38DDD1D2F256A00D26266</string>
				<string>12C38DDE1D2F256A00D26266</string>
				<string>12C38DDF1D2F256A00D26266</string>
			</array>
			<key>buildRules</key>
			<array/>
			<key>dependencies</key>
			<array>
				<string>12C38DE31D2F256A00D26266</string>
			</array>
			<key>isa</key>
			<string>PBXNativeTarget</string>
			<key>name</key>
			<string>AAKitDemoUITests</string>
			<key>productName</key>
			<string>AAKitDemoUITests</string>
			<key>productReference</key>
			<string>12C38DE11D2F256A00D26266</string>
			<key>productType</key>
			<string>com.apple.product-type.bundle.ui-testing</string>
		</dict>
		<key>12C38DE11D2F256A00D26266</key>
		<dict>
			<key>explicitFileType</key>
			<string>wrapper.cfbundle</string>
			<key>includeInIndex</key>
			<string>0</string>
			<key>isa</key>
			<string>PBXFileReference</string>
			<key>path</key>
			<string>AAKitDemoUITests.xctest</string>
			<key>sourceTree</key>
			<string>BUILT_PRODUCTS_DIR</string>
		</dict>
		<key>12C38DE21D2F256A00D26266</key>
		<dict>
			<key>containerPortal</key>
			<string>12C38DBA1D2F256900D26266</string>
			<key>isa</key>
			<string>PBXContainerItemProxy</string>
			<key>proxyType</key>
			<string>1</string>
			<key>remoteGlobalIDString</key>
			<string>12C38DC11D2F256900D26266</string>
			<key>remoteInfo</key>
			<string>AAKitDemo</string>
		</dict>
		<key>12C38DE31D2F256A00D26266</key>
		<dict>
			<key>isa</key>
			<string>PBXTargetDependency</string>
			<key>target</key>
			<string>12C38DC11D2F256900D26266</string>
			<key>targetProxy</key>
			<string>12C38DE21D2F256A00D26266</string>
		</dict>
		<key>12C38DE41D2F256A00D26266</key>
		<dict>
			<key>children</key>
			<array>
				<string>12C38DE51D2F256A00D26266</string>
				<string>12C38DE71D2F256A00D26266</string>
			</array>
			<key>isa</key>
			<string>PBXGroup</string>
			<key>path</key>
			<string>AAKitDemoUITests</string>
			<key>sourceTree</key>
			<string>&lt;group&gt;</string>
		</dict>
		<key>12C38DE51D2F256A00D26266</key>
		<dict>
			<key>isa</key>
			<string>PBXFileReference</string>
			<key>lastKnownFileType</key>
			<string>sourcecode.swift</string>
			<key>path</key>
			<string>AAKitDemoUITests.swift</string>
			<key>sourceTree</key>
			<string>&lt;group&gt;</string>
		</dict>
		<key>12C38DE61D2F256A00D26266</key>
		<dict>
			<key>fileRef</key>
			<string>12C38DE51D2F256A00D26266</string>
			<key>isa</key>
			<string>PBXBuildFile</string>
		</dict>
		<key>12C38DE71D2F256A00D26266</key>
		<dict>
			<key>isa</key>
			<string>PBXFileReference</string>
			<key>lastKnownFileType</key>
			<string>text.plist.xml</string>
			<key>path</key>
			<string>Info.plist</string>
			<key>sourceTree</key>
			<string>&lt;group&gt;</string>
		</dict>
		<key>12C38DE81D2F256A00D26266</key>
		<dict>
			<key>buildSettings</key>
			<dict>
				<key>ALWAYS_SEARCH_USER_PATHS</key>
				<string>NO</string>
				<key>CLANG_CXX_LANGUAGE_STANDARD</key>
				<string>gnu++0x</string>
				<key>CLANG_CXX_LIBRARY</key>
				<string>libc++</string>
				<key>CLANG_ENABLE_MODULES</key>
				<string>YES</string>
				<key>CLANG_ENABLE_OBJC_ARC</key>
				<string>YES</string>
				<key>CLANG_WARN_BOOL_CONVERSION</key>
				<string>YES</string>
				<key>CLANG_WARN_CONSTANT_CONVERSION</key>
				<string>YES</string>
				<key>CLANG_WARN_DIRECT_OBJC_ISA_USAGE</key>
				<string>YES_ERROR</string>
				<key>CLANG_WARN_EMPTY_BODY</key>
				<string>YES</string>
				<key>CLANG_WARN_ENUM_CONVERSION</key>
				<string>YES</string>
				<key>CLANG_WARN_INT_CONVERSION</key>
				<string>YES</string>
				<key>CLANG_WARN_OBJC_ROOT_CLASS</key>
				<string>YES_ERROR</string>
				<key>CLANG_WARN_UNREACHABLE_CODE</key>
				<string>YES</string>
				<key>CLANG_WARN__DUPLICATE_METHOD_MATCH</key>
				<string>YES</string>
				<key>CODE_SIGN_IDENTITY[sdk=iphoneos*]</key>
				<string>iPhone Developer</string>
				<key>COPY_PHASE_STRIP</key>
				<string>NO</string>
				<key>DEBUG_INFORMATION_FORMAT</key>
				<string>dwarf</string>
				<key>ENABLE_STRICT_OBJC_MSGSEND</key>
				<string>YES</string>
				<key>ENABLE_TESTABILITY</key>
				<string>YES</string>
				<key>GCC_C_LANGUAGE_STANDARD</key>
				<string>gnu99</string>
				<key>GCC_DYNAMIC_NO_PIC</key>
				<string>NO</string>
				<key>GCC_NO_COMMON_BLOCKS</key>
				<string>YES</string>
				<key>GCC_OPTIMIZATION_LEVEL</key>
				<string>0</string>
				<key>GCC_PREPROCESSOR_DEFINITIONS</key>
				<array>
					<string>DEBUG=1</string>
					<string>$(inherited)</string>
				</array>
				<key>GCC_WARN_64_TO_32_BIT_CONVERSION</key>
				<string>YES</string>
				<key>GCC_WARN_ABOUT_RETURN_TYPE</key>
				<string>YES_ERROR</string>
				<key>GCC_WARN_UNDECLARED_SELECTOR</key>
				<string>YES</string>
				<key>GCC_WARN_UNINITIALIZED_AUTOS</key>
				<string>YES_AGGRESSIVE</string>
				<key>GCC_WARN_UNUSED_FUNCTION</key>
				<string>YES</string>
				<key>GCC_WARN_UNUSED_VARIABLE</key>
				<string>YES</string>
				<key>IPHONEOS_DEPLOYMENT_TARGET</key>
				<string>9.2</string>
				<key>MTL_ENABLE_DEBUG_INFO</key>
				<string>YES</string>
				<key>ONLY_ACTIVE_ARCH</key>
				<string>YES</string>
				<key>SDKROOT</key>
				<string>iphoneos</string>
				<key>SWIFT_OPTIMIZATION_LEVEL</key>
				<string>-Onone</string>
			</dict>
			<key>isa</key>
			<string>XCBuildConfiguration</string>
			<key>name</key>
			<string>Debug</string>
		</dict>
		<key>12C38DE91D2F256A00D26266</key>
		<dict>
			<key>buildSettings</key>
			<dict>
				<key>ALWAYS_SEARCH_USER_PATHS</key>
				<string>NO</string>
				<key>CLANG_CXX_LANGUAGE_STANDARD</key>
				<string>gnu++0x</string>
				<key>CLANG_CXX_LIBRARY</key>
				<string>libc++</string>
				<key>CLANG_ENABLE_MODULES</key>
				<string>YES</string>
				<key>CLANG_ENABLE_OBJC_ARC</key>
				<string>YES</string>
				<key>CLANG_WARN_BOOL_CONVERSION</key>
				<string>YES</string>
				<key>CLANG_WARN_CONSTANT_CONVERSION</key>
				<string>YES</string>
				<key>CLANG_WARN_DIRECT_OBJC_ISA_USAGE</key>
				<string>YES_ERROR</string>
				<key>CLANG_WARN_EMPTY_BODY</key>
				<string>YES</string>
				<key>CLANG_WARN_ENUM_CONVERSION</key>
				<string>YES</string>
				<key>CLANG_WARN_INT_CONVERSION</key>
				<string>YES</string>
				<key>CLANG_WARN_OBJC_ROOT_CLASS</key>
				<string>YES_ERROR</string>
				<key>CLANG_WARN_UNREACHABLE_CODE</key>
				<string>YES</string>
				<key>CLANG_WARN__DUPLICATE_METHOD_MATCH</key>
				<string>YES</string>
				<key>CODE_SIGN_IDENTITY[sdk=iphoneos*]</key>
				<string>iPhone Developer</string>
				<key>COPY_PHASE_STRIP</key>
				<string>NO</string>
				<key>DEBUG_INFORMATION_FORMAT</key>
				<string>dwarf-with-dsym</string>
				<key>ENABLE_NS_ASSERTIONS</key>
				<string>NO</string>
				<key>ENABLE_STRICT_OBJC_MSGSEND</key>
				<string>YES</string>
				<key>GCC_C_LANGUAGE_STANDARD</key>
				<string>gnu99</string>
				<key>GCC_NO_COMMON_BLOCKS</key>
				<string>YES</string>
				<key>GCC_WARN_64_TO_32_BIT_CONVERSION</key>
				<string>YES</string>
				<key>GCC_WARN_ABOUT_RETURN_TYPE</key>
				<string>YES_ERROR</string>
				<key>GCC_WARN_UNDECLARED_SELECTOR</key>
				<string>YES</string>
				<key>GCC_WARN_UNINITIALIZED_AUTOS</key>
				<string>YES_AGGRESSIVE</string>
				<key>GCC_WARN_UNUSED_FUNCTION</key>
				<string>YES</string>
				<key>GCC_WARN_UNUSED_VARIABLE</key>
				<string>YES</string>
				<key>IPHONEOS_DEPLOYMENT_TARGET</key>
				<string>9.2</string>
				<key>MTL_ENABLE_DEBUG_INFO</key>
				<string>NO</string>
				<key>SDKROOT</key>
				<string>iphoneos</string>
				<key>VALIDATE_PRODUCT</key>
				<string>YES</string>
			</dict>
			<key>isa</key>
			<string>XCBuildConfiguration</string>
			<key>name</key>
			<string>Release</string>
		</dict>
		<key>12C38DEA1D2F256A00D26266</key>
		<dict>
			<key>buildConfigurations</key>
			<array>
				<string>12C38DEB1D2F256A00D26266</string>
				<string>12C38DEC1D2F256A00D26266</string>
			</array>
			<key>defaultConfigurationIsVisible</key>
			<string>0</string>
			<key>defaultConfigurationName</key>
			<string>Release</string>
			<key>isa</key>
			<string>XCConfigurationList</string>
		</dict>
		<key>12C38DEB1D2F256A00D26266</key>
		<dict>
			<key>baseConfigurationReference</key>
			<string>58F937B15061A52C005C5FD8</string>
			<key>buildSettings</key>
			<dict>
				<key>ASSETCATALOG_COMPILER_APPICON_NAME</key>
				<string>AppIcon</string>
				<key>CLANG_ENABLE_MODULES</key>
				<string>YES</string>
				<key>CODE_SIGN_IDENTITY</key>
				<string>iPhone Developer</string>
				<key>CODE_SIGN_IDENTITY[sdk=iphoneos*]</key>
				<string>iPhone Developer</string>
				<key>DEBUG_INFORMATION_FORMAT</key>
				<string>dwarf-with-dsym</string>
				<key>DEFINES_MODULE</key>
				<string>YES</string>
				<key>EMBEDDED_CONTENT_CONTAINS_SWIFT</key>
				<string>YES</string>
				<key>GCC_PRECOMPILE_PREFIX_HEADER</key>
				<string>YES</string>
				<key>GCC_PREFIX_HEADER</key>
				<string>AAKitDemo-Prefix.h</string>
				<key>GCC_SYMBOLS_PRIVATE_EXTERN</key>
				<string>NO</string>
				<key>INFOPLIST_FILE</key>
				<string>AAKitDemo/Info.plist</string>
				<key>LD_RUNPATH_SEARCH_PATHS</key>
				<string>$(inherited) @executable_path/Frameworks</string>
				<key>LIBRARY_SEARCH_PATHS</key>
				<array>
					<string>$(inherited)</string>
					<string>$(PROJECT_DIR)/build/Debug-iphoneos</string>
				</array>
				<key>PRODUCT_BUNDLE_IDENTIFIER</key>
				<string>com.beacon.AAKitDemo2</string>
				<key>PRODUCT_NAME</key>
				<string>$(TARGET_NAME)</string>
				<key>PROVISIONING_PROFILE</key>
				<string></string>
				<key>SWIFT_OBJC_BRIDGING_HEADER</key>
				<string>AAKitDemo-Bridging-Header.h</string>
				<key>SWIFT_OPTIMIZATION_LEVEL</key>
				<string>-Onone</string>
			</dict>
			<key>isa</key>
			<string>XCBuildConfiguration</string>
			<key>name</key>
			<string>Debug</string>
		</dict>
		<key>12C38DEC1D2F256A00D26266</key>
		<dict>
			<key>baseConfigurationReference</key>
			<string>4942C2E9F866968AC224EFC3</string>
			<key>buildSettings</key>
			<dict>
				<key>ASSETCATALOG_COMPILER_APPICON_NAME</key>
				<string>AppIcon</string>
				<key>CLANG_ENABLE_MODULES</key>
				<string>YES</string>
				<key>CODE_SIGN_IDENTITY</key>
				<string>iPhone Developer</string>
				<key>CODE_SIGN_IDENTITY[sdk=iphoneos*]</key>
				<string>iPhone Developer</string>
				<key>DEFINES_MODULE</key>
				<string>YES</string>
				<key>EMBEDDED_CONTENT_CONTAINS_SWIFT</key>
				<string>YES</string>
				<key>GCC_PRECOMPILE_PREFIX_HEADER</key>
				<string>YES</string>
				<key>GCC_PREFIX_HEADER</key>
				<string>AAKitDemo-Prefix.h</string>
				<key>GCC_SYMBOLS_PRIVATE_EXTERN</key>
				<string>NO</string>
				<key>INFOPLIST_FILE</key>
				<string>AAKitDemo/Info.plist</string>
				<key>LD_RUNPATH_SEARCH_PATHS</key>
				<string>$(inherited) @executable_path/Frameworks</string>
				<key>LIBRARY_SEARCH_PATHS</key>
				<array>
					<string>$(inherited)</string>
					<string>$(PROJECT_DIR)/build/Debug-iphoneos</string>
				</array>
				<key>PRODUCT_BUNDLE_IDENTIFIER</key>
				<string>com.beacon.AAKitDemo2</string>
				<key>PRODUCT_NAME</key>
				<string>$(TARGET_NAME)</string>
				<key>PROVISIONING_PROFILE</key>
				<string></string>
				<key>SWIFT_OBJC_BRIDGING_HEADER</key>
				<string>AAKitDemo-Bridging-Header.h</string>
			</dict>
			<key>isa</key>
			<string>XCBuildConfiguration</string>
			<key>name</key>
			<string>Release</string>
		</dict>
		<key>12C38DED1D2F256A00D26266</key>
		<dict>
			<key>buildConfigurations</key>
			<array>
				<string>12C38DEE1D2F256A00D26266</string>
				<string>12C38DEF1D2F256A00D26266</string>
			</array>
			<key>defaultConfigurationIsVisible</key>
			<string>0</string>
			<key>defaultConfigurationName</key>
			<string>Release</string>
			<key>isa</key>
			<string>XCConfigurationList</string>
		</dict>
		<key>12C38DEE1D2F256A00D26266</key>
		<dict>
			<key>buildSettings</key>
			<dict>
				<key>BUNDLE_LOADER</key>
				<string>$(TEST_HOST)</string>
				<key>INFOPLIST_FILE</key>
				<string>AAKitDemoTests/Info.plist</string>
				<key>LD_RUNPATH_SEARCH_PATHS</key>
				<string>$(inherited) @executable_path/Frameworks @loader_path/Frameworks</string>
				<key>PRODUCT_BUNDLE_IDENTIFIER</key>
				<string>com.beacon.AAKitDemoTests</string>
				<key>PRODUCT_NAME</key>
				<string>$(TARGET_NAME)</string>
				<key>TEST_HOST</key>
				<string>$(BUILT_PRODUCTS_DIR)/AAKitDemo.app/AAKitDemo</string>
			</dict>
			<key>isa</key>
			<string>XCBuildConfiguration</string>
			<key>name</key>
			<string>Debug</string>
		</dict>
		<key>12C38DEF1D2F256A00D26266</key>
		<dict>
			<key>buildSettings</key>
			<dict>
				<key>BUNDLE_LOADER</key>
				<string>$(TEST_HOST)</string>
				<key>INFOPLIST_FILE</key>
				<string>AAKitDemoTests/Info.plist</string>
				<key>LD_RUNPATH_SEARCH_PATHS</key>
				<string>$(inherited) @executable_path/Frameworks @loader_path/Frameworks</string>
				<key>PRODUCT_BUNDLE_IDENTIFIER</key>
				<string>com.beacon.AAKitDemoTests</string>
				<key>PRODUCT_NAME</key>
				<string>$(TARGET_NAME)</string>
				<key>TEST_HOST</key>
				<string>$(BUILT_PRODUCTS_DIR)/AAKitDemo.app/AAKitDemo</string>
			</dict>
			<key>isa</key>
			<string>XCBuildConfiguration</string>
			<key>name</key>
			<string>Release</string>
		</dict>
		<key>12C38DF01D2F256A00D26266</key>
		<dict>
			<key>buildConfigurations</key>
			<array>
				<string>12C38DF11D2F256A00D26266</string>
				<string>12C38DF21D2F256A00D26266</string>
			</array>
			<key>defaultConfigurationIsVisible</key>
			<string>0</string>
			<key>defaultConfigurationName</key>
			<string>Release</string>
			<key>isa</key>
			<string>XCConfigurationList</string>
		</dict>
		<key>12C38DF11D2F256A00D26266</key>
		<dict>
			<key>buildSettings</key>
			<dict>
				<key>INFOPLIST_FILE</key>
				<string>AAKitDemoUITests/Info.plist</string>
				<key>LD_RUNPATH_SEARCH_PATHS</key>
				<string>$(inherited) @executable_path/Frameworks @loader_path/Frameworks</string>
				<key>PRODUCT_BUNDLE_IDENTIFIER</key>
				<string>com.beacon.AAKitDemoUITests</string>
				<key>PRODUCT_NAME</key>
				<string>$(TARGET_NAME)</string>
				<key>TEST_TARGET_NAME</key>
				<string>AAKitDemo</string>
				<key>USES_XCTRUNNER</key>
				<string>YES</string>
			</dict>
			<key>isa</key>
			<string>XCBuildConfiguration</string>
			<key>name</key>
			<string>Debug</string>
		</dict>
		<key>12C38DF21D2F256A00D26266</key>
		<dict>
			<key>buildSettings</key>
			<dict>
				<key>INFOPLIST_FILE</key>
				<string>AAKitDemoUITests/Info.plist</string>
				<key>LD_RUNPATH_SEARCH_PATHS</key>
				<string>$(inherited) @executable_path/Frameworks @loader_path/Frameworks</string>
				<key>PRODUCT_BUNDLE_IDENTIFIER</key>
				<string>com.beacon.AAKitDemoUITests</string>
				<key>PRODUCT_NAME</key>
				<string>$(TARGET_NAME)</string>
				<key>TEST_TARGET_NAME</key>
				<string>AAKitDemo</string>
				<key>USES_XCTRUNNER</key>
				<string>YES</string>
			</dict>
			<key>isa</key>
			<string>XCBuildConfiguration</string>
			<key>name</key>
			<string>Release</string>
		</dict>
		<key>12C38DF31D2F278E00D26266</key>
		<dict>
			<key>isa</key>
			<string>PBXFileReference</string>
			<key>lastKnownFileType</key>
			<string>sourcecode.c.h</string>
			<key>path</key>
			<string>AAKitDemo-Bridging-Header.h</string>
			<key>sourceTree</key>
			<string>&lt;group&gt;</string>
		</dict>
		<key>12C38DF71D2F281300D26266</key>
		<dict>
			<key>fileEncoding</key>
			<string>4</string>
			<key>isa</key>
			<string>PBXFileReference</string>
			<key>lastKnownFileType</key>
			<string>sourcecode.swift</string>
			<key>path</key>
			<string>AANode.swift</string>
			<key>sourceTree</key>
			<string>&lt;group&gt;</string>
		</dict>
		<key>12C38DF81D2F281300D26266</key>
		<dict>
			<key>fileEncoding</key>
			<string>4</string>
			<key>isa</key>
			<string>PBXFileReference</string>
			<key>lastKnownFileType</key>
			<string>sourcecode.swift</string>
			<key>path</key>
			<string>AsyncDisplayKitDemo.swift</string>
			<key>sourceTree</key>
			<string>&lt;group&gt;</string>
		</dict>
		<key>12C38DF91D2F281300D26266</key>
		<dict>
			<key>fileEncoding</key>
			<string>4</string>
			<key>isa</key>
			<string>PBXFileReference</string>
			<key>lastKnownFileType</key>
			<string>sourcecode.c.h</string>
			<key>path</key>
			<string>DoctorInfoComponent.h</string>
			<key>sourceTree</key>
			<string>&lt;group&gt;</string>
		</dict>
		<key>12C38DFA1D2F281300D26266</key>
		<dict>
			<key>fileEncoding</key>
			<string>4</string>
			<key>isa</key>
			<string>PBXFileReference</string>
			<key>lastKnownFileType</key>
			<string>sourcecode.cpp.objcpp</string>
			<key>path</key>
			<string>DoctorInfoComponent.mm</string>
			<key>sourceTree</key>
			<string>&lt;group&gt;</string>
		</dict>
		<key>12C38DFB1D2F281300D26266</key>
		<dict>
			<key>fileEncoding</key>
			<string>4</string>
			<key>isa</key>
			<string>PBXFileReference</string>
			<key>lastKnownFileType</key>
			<string>sourcecode.swift</string>
			<key>path</key>
			<string>DoctorListCatalog.swift</string>
			<key>sourceTree</key>
			<string>&lt;group&gt;</string>
		</dict>
		<key>12C38DFC1D2F281300D26266</key>
		<dict>
			<key>fileEncoding</key>
			<string>4</string>
			<key>isa</key>
			<string>PBXFileReference</string>
			<key>lastKnownFileType</key>
			<string>sourcecode.c.h</string>
			<key>path</key>
			<string>DoctorListVC.h</string>
			<key>sourceTree</key>
			<string>&lt;group&gt;</string>
		</dict>
		<key>12C38DFD1D2F281300D26266</key>
		<dict>
			<key>fileEncoding</key>
			<string>4</string>
			<key>isa</key>
			<string>PBXFileReference</string>
			<key>lastKnownFileType</key>
			<string>sourcecode.cpp.objcpp</string>
			<key>path</key>
			<string>DoctorListVC.mm</string>
			<key>sourceTree</key>
			<string>&lt;group&gt;</string>
		</dict>
		<key>12C38DFE1D2F281300D26266</key>
		<dict>
			<key>fileEncoding</key>
			<string>4</string>
			<key>isa</key>
			<string>PBXFileReference</string>
			<key>lastKnownFileType</key>
			<string>sourcecode.c.h</string>
			<key>path</key>
			<string>DoctorListVC2.h</string>
			<key>sourceTree</key>
			<string>&lt;group&gt;</string>
		</dict>
		<key>12C38DFF1D2F281300D26266</key>
		<dict>
			<key>fileEncoding</key>
			<string>4</string>
			<key>isa</key>
			<string>PBXFileReference</string>
			<key>lastKnownFileType</key>
			<string>sourcecode.cpp.objcpp</string>
			<key>path</key>
			<string>DoctorListVC2.mm</string>
			<key>sourceTree</key>
			<string>&lt;group&gt;</string>
		</dict>
		<key>12C38E001D2F281300D26266</key>
		<dict>
			<key>fileEncoding</key>
			<string>4</string>
			<key>isa</key>
			<string>PBXFileReference</string>
			<key>lastKnownFileType</key>
			<string>sourcecode.c.h</string>
			<key>path</key>
			<string>DoctorListVC3.h</string>
			<key>sourceTree</key>
			<string>&lt;group&gt;</string>
		</dict>
		<key>12C38E011D2F281300D26266</key>
		<dict>
			<key>fileEncoding</key>
			<string>4</string>
			<key>isa</key>
			<string>PBXFileReference</string>
			<key>lastKnownFileType</key>
			<string>sourcecode.c.objc</string>
			<key>path</key>
			<string>DoctorListVC3.m</string>
			<key>sourceTree</key>
			<string>&lt;group&gt;</string>
		</dict>
		<key>12C38E021D2F281300D26266</key>
		<dict>
			<key>fileEncoding</key>
			<string>4</string>
			<key>isa</key>
			<string>PBXFileReference</string>
			<key>lastKnownFileType</key>
			<string>sourcecode.swift</string>
			<key>path</key>
			<string>DoctorListVC4.swift</string>
			<key>sourceTree</key>
			<string>&lt;group&gt;</string>
		</dict>
		<key>12C38E031D2F281300D26266</key>
		<dict>
			<key>fileEncoding</key>
			<string>4</string>
			<key>isa</key>
			<string>PBXFileReference</string>
			<key>lastKnownFileType</key>
			<string>sourcecode.c.h</string>
			<key>path</key>
			<string>DoctorModel.h</string>
			<key>sourceTree</key>
			<string>&lt;group&gt;</string>
		</dict>
		<key>12C38E041D2F281300D26266</key>
		<dict>
			<key>fileEncoding</key>
			<string>4</string>
			<key>isa</key>
			<string>PBXFileReference</string>
			<key>lastKnownFileType</key>
			<string>sourcecode.c.objc</string>
			<key>path</key>
			<string>DoctorModel.m</string>
			<key>sourceTree</key>
			<string>&lt;group&gt;</string>
		</dict>
		<key>12C38E051D2F281300D26266</key>
		<dict>
			<key>fileEncoding</key>
			<string>4</string>
			<key>isa</key>
			<string>PBXFileReference</string>
			<key>lastKnownFileType</key>
			<string>sourcecode.c.h</string>
			<key>path</key>
			<string>HostViewVC.h</string>
			<key>sourceTree</key>
			<string>&lt;group&gt;</string>
		</dict>
		<key>12C38E061D2F281300D26266</key>
		<dict>
			<key>fileEncoding</key>
			<string>4</string>
			<key>isa</key>
			<string>PBXFileReference</string>
			<key>lastKnownFileType</key>
			<string>sourcecode.cpp.objcpp</string>
			<key>path</key>
			<string>HostViewVC.mm</string>
			<key>sourceTree</key>
			<string>&lt;group&gt;</string>
		</dict>
		<key>12C38E071D2F281300D26266</key>
		<dict>
			<key>fileEncoding</key>
			<string>4</string>
			<key>isa</key>
			<string>PBXFileReference</string>
			<key>lastKnownFileType</key>
			<string>sourcecode.c.h</string>
			<key>path</key>
			<string>TestCollectionVC.h</string>
			<key>sourceTree</key>
			<string>&lt;group&gt;</string>
		</dict>
		<key>12C38E081D2F281300D26266</key>
		<dict>
			<key>fileEncoding</key>
			<string>4</string>
			<key>isa</key>
			<string>PBXFileReference</string>
			<key>lastKnownFileType</key>
			<string>sourcecode.c.objc</string>
			<key>path</key>
			<string>TestCollectionVC.m</string>
			<key>sourceTree</key>
			<string>&lt;group&gt;</string>
		</dict>
		<key>12C38E091D2F281300D26266</key>
		<dict>
			<key>fileEncoding</key>
			<string>4</string>
			<key>isa</key>
			<string>PBXFileReference</string>
			<key>lastKnownFileType</key>
			<string>sourcecode.c.h</string>
			<key>path</key>
			<string>ViewController.h</string>
			<key>sourceTree</key>
			<string>&lt;group&gt;</string>
		</dict>
		<key>12C38E0A1D2F281300D26266</key>
		<dict>
			<key>fileEncoding</key>
			<string>4</string>
			<key>isa</key>
			<string>PBXFileReference</string>
			<key>lastKnownFileType</key>
			<string>sourcecode.cpp.objcpp</string>
			<key>path</key>
			<string>ViewController.mm</string>
			<key>sourceTree</key>
			<string>&lt;group&gt;</string>
		</dict>
		<key>12C38E0B1D2F281300D26266</key>
		<dict>
			<key>fileRef</key>
			<string>12C38DF71D2F281300D26266</string>
			<key>isa</key>
			<string>PBXBuildFile</string>
		</dict>
		<key>12C38E0C1D2F281300D26266</key>
		<dict>
			<key>fileRef</key>
			<string>12C38DF81D2F281300D26266</string>
			<key>isa</key>
			<string>PBXBuildFile</string>
		</dict>
		<key>12C38E0D1D2F281300D26266</key>
		<dict>
			<key>fileRef</key>
			<string>12C38DFA1D2F281300D26266</string>
			<key>isa</key>
			<string>PBXBuildFile</string>
		</dict>
		<key>12C38E0E1D2F281300D26266</key>
		<dict>
			<key>fileRef</key>
			<string>12C38DFB1D2F281300D26266</string>
			<key>isa</key>
			<string>PBXBuildFile</string>
		</dict>
		<key>12C38E0F1D2F281300D26266</key>
		<dict>
			<key>fileRef</key>
			<string>12C38DFD1D2F281300D26266</string>
			<key>isa</key>
			<string>PBXBuildFile</string>
		</dict>
		<key>12C38E101D2F281300D26266</key>
		<dict>
			<key>fileRef</key>
			<string>12C38DFF1D2F281300D26266</string>
			<key>isa</key>
			<string>PBXBuildFile</string>
		</dict>
		<key>12C38E111D2F281300D26266</key>
		<dict>
			<key>fileRef</key>
			<string>12C38E011D2F281300D26266</string>
			<key>isa</key>
			<string>PBXBuildFile</string>
		</dict>
		<key>12C38E121D2F281300D26266</key>
		<dict>
			<key>fileRef</key>
			<string>12C38E021D2F281300D26266</string>
			<key>isa</key>
			<string>PBXBuildFile</string>
		</dict>
		<key>12C38E131D2F281300D26266</key>
		<dict>
			<key>fileRef</key>
			<string>12C38E041D2F281300D26266</string>
			<key>isa</key>
			<string>PBXBuildFile</string>
		</dict>
		<key>12C38E141D2F281300D26266</key>
		<dict>
			<key>fileRef</key>
			<string>12C38E061D2F281300D26266</string>
			<key>isa</key>
			<string>PBXBuildFile</string>
		</dict>
		<key>12C38E151D2F281300D26266</key>
		<dict>
			<key>fileRef</key>
			<string>12C38E081D2F281300D26266</string>
			<key>isa</key>
			<string>PBXBuildFile</string>
		</dict>
		<key>12C38E161D2F281300D26266</key>
		<dict>
			<key>fileRef</key>
			<string>12C38E0A1D2F281300D26266</string>
			<key>isa</key>
			<string>PBXBuildFile</string>
		</dict>
		<key>12F6125A1D3023F40081D6E9</key>
		<dict>
			<key>fileEncoding</key>
			<string>4</string>
			<key>isa</key>
			<string>PBXFileReference</string>
			<key>lastKnownFileType</key>
			<string>sourcecode.swift</string>
			<key>path</key>
			<string>AANodeLabel.swift</string>
			<key>sourceTree</key>
			<string>&lt;group&gt;</string>
		</dict>
		<key>12F6125B1D3023F40081D6E9</key>
		<dict>
			<key>fileRef</key>
			<string>12F6125A1D3023F40081D6E9</string>
			<key>isa</key>
			<string>PBXBuildFile</string>
		</dict>
		<key>12F6125C1D30D8AD0081D6E9</key>
		<dict>
			<key>fileEncoding</key>
			<string>4</string>
			<key>isa</key>
			<string>PBXFileReference</string>
			<key>lastKnownFileType</key>
			<string>sourcecode.swift</string>
			<key>path</key>
			<string>ASTableVC.swift</string>
			<key>sourceTree</key>
			<string>&lt;group&gt;</string>
		</dict>
		<key>12F6125D1D30D8AD0081D6E9</key>
		<dict>
			<key>fileRef</key>
			<string>12F6125C1D30D8AD0081D6E9</string>
			<key>isa</key>
			<string>PBXBuildFile</string>
		</dict>
		<key>12F6125E1D30EF370081D6E9</key>
		<dict>
			<key>fileEncoding</key>
			<string>4</string>
			<key>isa</key>
			<string>PBXFileReference</string>
			<key>lastKnownFileType</key>
			<string>sourcecode.swift</string>
			<key>path</key>
			<string>DoctorListVC5.swift</string>
			<key>sourceTree</key>
			<string>&lt;group&gt;</string>
		</dict>
		<key>12F6125F1D30EF370081D6E9</key>
		<dict>
			<key>fileRef</key>
			<string>12F6125E1D30EF370081D6E9</string>
			<key>isa</key>
			<string>PBXBuildFile</string>
		</dict>
		<key>12F612601D316B8E0081D6E9</key>
		<dict>
			<key>fileEncoding</key>
			<string>4</string>
			<key>isa</key>
			<string>PBXFileReference</string>
			<key>lastKnownFileType</key>
			<string>sourcecode.swift</string>
			<key>path</key>
			<string>ASDisplayNodeExt.swift</string>
			<key>sourceTree</key>
			<string>&lt;group&gt;</string>
		</dict>
		<key>12F612611D316B8E0081D6E9</key>
		<dict>
			<key>fileRef</key>
			<string>12F612601D316B8E0081D6E9</string>
			<key>isa</key>
			<string>PBXBuildFile</string>
		</dict>
		<key>4942C2E9F866968AC224EFC3</key>
		<dict>
			<key>includeInIndex</key>
			<string>1</string>
			<key>isa</key>
			<string>PBXFileReference</string>
			<key>lastKnownFileType</key>
			<string>text.xcconfig</string>
			<key>name</key>
			<string>Pods.release.xcconfig</string>
			<key>path</key>
			<string>Pods/Target Support Files/Pods/Pods.release.xcconfig</string>
			<key>sourceTree</key>
			<string>&lt;group&gt;</string>
		</dict>
		<key>58F937B15061A52C005C5FD8</key>
		<dict>
			<key>includeInIndex</key>
			<string>1</string>
			<key>isa</key>
			<string>PBXFileReference</string>
			<key>lastKnownFileType</key>
			<string>text.xcconfig</string>
			<key>name</key>
			<string>Pods.debug.xcconfig</string>
			<key>path</key>
			<string>Pods/Target Support Files/Pods/Pods.debug.xcconfig</string>
			<key>sourceTree</key>
			<string>&lt;group&gt;</string>
		</dict>
		<key>8C2821096E56C93FF214A590</key>
		<dict>
			<key>buildActionMask</key>
			<string>2147483647</string>
			<key>files</key>
			<array/>
			<key>inputPaths</key>
			<array/>
			<key>isa</key>
			<string>PBXShellScriptBuildPhase</string>
			<key>name</key>
			<string>Check Pods Manifest.lock</string>
			<key>outputPaths</key>
			<array/>
			<key>runOnlyForDeploymentPostprocessing</key>
			<string>0</string>
			<key>shellPath</key>
			<string>/bin/sh</string>
			<key>shellScript</key>
			<string>diff "${PODS_ROOT}/../Podfile.lock" "${PODS_ROOT}/Manifest.lock" &gt; /dev/null
if [[ $? != 0 ]] ; then
    cat &lt;&lt; EOM
error: The sandbox is not in sync with the Podfile.lock. Run 'pod install' or update your CocoaPods installation.
EOM
    exit 1
fi
</string>
			<key>showEnvVarsInLog</key>
			<string>0</string>
		</dict>
		<key>D4FF3A403A2C268FF7A645BD</key>
		<dict>
			<key>children</key>
			<array>
				<string>12C16DF21D33B4F700B6EEB0</string>
				<string>F1D2E80AB879BA562C69B0B0</string>
			</array>
			<key>isa</key>
			<string>PBXGroup</string>
			<key>name</key>
			<string>Frameworks</string>
			<key>sourceTree</key>
			<string>&lt;group&gt;</string>
		</dict>
		<key>ECA3642383332ABC41ADD4A4</key>
		<dict>
			<key>children</key>
			<array>
				<string>58F937B15061A52C005C5FD8</string>
				<string>4942C2E9F866968AC224EFC3</string>
			</array>
			<key>isa</key>
			<string>PBXGroup</string>
			<key>name</key>
			<string>Pods</string>
			<key>sourceTree</key>
			<string>&lt;group&gt;</string>
		</dict>
		<key>F1D2E80AB879BA562C69B0B0</key>
		<dict>
			<key>explicitFileType</key>
			<string>archive.ar</string>
			<key>includeInIndex</key>
			<string>0</string>
			<key>isa</key>
			<string>PBXFileReference</string>
			<key>path</key>
			<string>libPods.a</string>
			<key>sourceTree</key>
			<string>BUILT_PRODUCTS_DIR</string>
		</dict>
		<key>F4D8360463503B8C75CB711A</key>
		<dict>
			<key>buildActionMask</key>
			<string>2147483647</string>
			<key>files</key>
			<array/>
			<key>inputPaths</key>
			<array/>
			<key>isa</key>
			<string>PBXShellScriptBuildPhase</string>
			<key>name</key>
			<string>Embed Pods Frameworks</string>
			<key>outputPaths</key>
			<array/>
			<key>runOnlyForDeploymentPostprocessing</key>
			<string>0</string>
			<key>shellPath</key>
			<string>/bin/sh</string>
			<key>shellScript</key>
			<string>"${SRCROOT}/Pods/Target Support Files/Pods/Pods-frameworks.sh"
</string>
			<key>showEnvVarsInLog</key>
			<string>0</string>
		</dict>
	</dict>
	<key>rootObject</key>
	<string>12C38DBA1D2F256900D26266</string>
</dict>
</plist>
